// !$*UTF8*$!
{
	archiveVersion = 1;
	classes = {
	};
	objectVersion = 50;
	objects = {

/* Begin PBXBuildFile section */
		4130B32E22FE259D00411E42 /* AppDelegate.swift in Sources */ = {isa = PBXBuildFile; fileRef = 4130B32D22FE259D00411E42 /* AppDelegate.swift */; };
		4130B33022FE259D00411E42 /* ViewController.swift in Sources */ = {isa = PBXBuildFile; fileRef = 4130B32F22FE259D00411E42 /* ViewController.swift */; };
		4130B33322FE259D00411E42 /* Main.storyboard in Resources */ = {isa = PBXBuildFile; fileRef = 4130B33122FE259D00411E42 /* Main.storyboard */; };
		4130B33522FE259E00411E42 /* Assets.xcassets in Resources */ = {isa = PBXBuildFile; fileRef = 4130B33422FE259E00411E42 /* Assets.xcassets */; };
		4130B33822FE259E00411E42 /* LaunchScreen.storyboard in Resources */ = {isa = PBXBuildFile; fileRef = 4130B33622FE259E00411E42 /* LaunchScreen.storyboard */; };
		4130B37623020ED300411E42 /* car.scn in Resources */ = {isa = PBXBuildFile; fileRef = 4130B37523020ED300411E42 /* car.scn */; };
/* End PBXBuildFile section */

/* Begin PBXFileReference section */
		4130B32A22FE259D00411E42 /* Tutorial08_Vehicle.app */ = {isa = PBXFileReference; explicitFileType = wrapper.application; includeInIndex = 0; path = Tutorial08_Vehicle.app; sourceTree = BUILT_PRODUCTS_DIR; };
		4130B32D22FE259D00411E42 /* AppDelegate.swift */ = {isa = PBXFileReference; lastKnownFileType = sourcecode.swift; path = AppDelegate.swift; sourceTree = "<group>"; };
		4130B32F22FE259D00411E42 /* ViewController.swift */ = {isa = PBXFileReference; lastKnownFileType = sourcecode.swift; path = ViewController.swift; sourceTree = "<group>"; };
		4130B33222FE259D00411E42 /* Base */ = {isa = PBXFileReference; lastKnownFileType = file.storyboard; name = Base; path = Base.lproj/Main.storyboard; sourceTree = "<group>"; };
		4130B33422FE259E00411E42 /* Assets.xcassets */ = {isa = PBXFileReference; lastKnownFileType = folder.assetcatalog; path = Assets.xcassets; sourceTree = "<group>"; };
		4130B33722FE259E00411E42 /* Base */ = {isa = PBXFileReference; lastKnownFileType = file.storyboard; name = Base; path = Base.lproj/LaunchScreen.storyboard; sourceTree = "<group>"; };
		4130B33922FE259E00411E42 /* Info.plist */ = {isa = PBXFileReference; lastKnownFileType = text.plist.xml; path = Info.plist; sourceTree = "<group>"; };
		4130B33F22FE3C1E00411E42 /* README.md */ = {isa = PBXFileReference; lastKnownFileType = net.daringfireball.markdown; path = README.md; sourceTree = "<group>"; };
		4130B37523020ED300411E42 /* car.scn */ = {isa = PBXFileReference; lastKnownFileType = file.bplist; path = car.scn; sourceTree = "<group>"; };
/* End PBXFileReference section */

/* Begin PBXFrameworksBuildPhase section */
		4130B32722FE259D00411E42 /* Frameworks */ = {
			isa = PBXFrameworksBuildPhase;
			buildActionMask = 2147483647;
			files = (
			);
			runOnlyForDeploymentPostprocessing = 0;
		};
/* End PBXFrameworksBuildPhase section */

/* Begin PBXGroup section */
		4130B32122FE259D00411E42 = {
			isa = PBXGroup;
			children = (
				4130B33F22FE3C1E00411E42 /* README.md */,
				4130B32C22FE259D00411E42 /* Tutorial08_Vehicle */,
				4130B32B22FE259D00411E42 /* Products */,
			);
			sourceTree = "<group>";
		};
		4130B32B22FE259D00411E42 /* Products */ = {
			isa = PBXGroup;
			children = (
				4130B32A22FE259D00411E42 /* Tutorial08_Vehicle.app */,
			);
			name = Products;
			sourceTree = "<group>";
		};
		4130B32C22FE259D00411E42 /* Tutorial08_Vehicle */ = {
			isa = PBXGroup;
			children = (
				4130B32D22FE259D00411E42 /* AppDelegate.swift */,
				4130B32F22FE259D00411E42 /* ViewController.swift */,
				4130B33122FE259D00411E42 /* Main.storyboard */,
				4130B33422FE259E00411E42 /* Assets.xcassets */,
				4130B33622FE259E00411E42 /* LaunchScreen.storyboard */,
				4130B33922FE259E00411E42 /* Info.plist */,
				4130B37523020ED300411E42 /* car.scn */,
			);
			path = Tutorial08_Vehicle;
			sourceTree = "<group>";
		};
/* End PBXGroup section */

/* Begin PBXNativeTarget section */
		4130B32922FE259D00411E42 /* Tutorial08_Vehicle */ = {
			isa = PBXNativeTarget;
			buildConfigurationList = 4130B33C22FE259E00411E42 /* Build configuration list for PBXNativeTarget "Tutorial08_Vehicle" */;
			buildPhases = (
				4130B32622FE259D00411E42 /* Sources */,
				4130B32722FE259D00411E42 /* Frameworks */,
				4130B32822FE259D00411E42 /* Resources */,
			);
			buildRules = (
			);
			dependencies = (
			);
			name = Tutorial08_Vehicle;
			productName = Tutorial06_FloorIsLava;
			productReference = 4130B32A22FE259D00411E42 /* Tutorial08_Vehicle.app */;
			productType = "com.apple.product-type.application";
		};
/* End PBXNativeTarget section */

/* Begin PBXProject section */
		4130B32222FE259D00411E42 /* Project object */ = {
			isa = PBXProject;
			attributes = {
				LastSwiftUpdateCheck = 1030;
				LastUpgradeCheck = 1030;
				ORGANIZATIONNAME = "Jing Yang";
				TargetAttributes = {
					4130B32922FE259D00411E42 = {
						CreatedOnToolsVersion = 10.3;
					};
				};
			};
			buildConfigurationList = 4130B32522FE259D00411E42 /* Build configuration list for PBXProject "Tutorial08_Vehicle" */;
			compatibilityVersion = "Xcode 9.3";
			developmentRegion = en;
			hasScannedForEncodings = 0;
			knownRegions = (
				en,
				Base,
			);
			mainGroup = 4130B32122FE259D00411E42;
			productRefGroup = 4130B32B22FE259D00411E42 /* Products */;
			projectDirPath = "";
			projectRoot = "";
			targets = (
				4130B32922FE259D00411E42 /* Tutorial08_Vehicle */,
			);
		};
/* End PBXProject section */

/* Begin PBXResourcesBuildPhase section */
		4130B32822FE259D00411E42 /* Resources */ = {
			isa = PBXResourcesBuildPhase;
			buildActionMask = 2147483647;
			files = (
				4130B37623020ED300411E42 /* car.scn in Resources */,
				4130B33822FE259E00411E42 /* LaunchScreen.storyboard in Resources */,
				4130B33522FE259E00411E42 /* Assets.xcassets in Resources */,
				4130B33322FE259D00411E42 /* Main.storyboard in Resources */,
			);
			runOnlyForDeploymentPostprocessing = 0;
		};
/* End PBXResourcesBuildPhase section */

/* Begin PBXSourcesBuildPhase section */
		4130B32622FE259D00411E42 /* Sources */ = {
			isa = PBXSourcesBuildPhase;
			buildActionMask = 2147483647;
			files = (
				4130B33022FE259D00411E42 /* ViewController.swift in Sources */,
				4130B32E22FE259D00411E42 /* AppDelegate.swift in Sources */,
			);
			runOnlyForDeploymentPostprocessing = 0;
		};
/* End PBXSourcesBuildPhase section */

/* Begin PBXVariantGroup section */
		4130B33122FE259D00411E42 /* Main.storyboard */ = {
			isa = PBXVariantGroup;
			children = (
				4130B33222FE259D00411E42 /* Base */,
			);
			name = Main.storyboard;
			sourceTree = "<group>";
		};
		4130B33622FE259E00411E42 /* LaunchScreen.storyboard */ = {
			isa = PBXVariantGroup;
			children = (
				4130B33722FE259E00411E42 /* Base */,
			);
			name = LaunchScreen.storyboard;
			sourceTree = "<group>";
		};
/* End PBXVariantGroup section */

/* Begin XCBuildConfiguration section */
		4130B33A22FE259E00411E42 /* Debug */ = {
			isa = XCBuildConfiguration;
			buildSettings = {
				ALWAYS_SEARCH_USER_PATHS = NO;
				CLANG_ANALYZER_NONNULL = YES;
				CLANG_ANALYZER_NUMBER_OBJECT_CONVERSION = YES_AGGRESSIVE;
				CLANG_CXX_LANGUAGE_STANDARD = "gnu++14";
				CLANG_CXX_LIBRARY = "libc++";
				CLANG_ENABLE_MODULES = YES;
				CLANG_ENABLE_OBJC_ARC = YES;
				CLANG_ENABLE_OBJC_WEAK = YES;
				CLANG_WARN_BLOCK_CAPTURE_AUTORELEASING = YES;
				CLANG_WARN_BOOL_CONVERSION = YES;
				CLANG_WARN_COMMA = YES;
				CLANG_WARN_CONSTANT_CONVERSION = YES;
				CLANG_WARN_DEPRECATED_OBJC_IMPLEMENTATIONS = YES;
				CLANG_WARN_DIRECT_OBJC_ISA_USAGE = YES_ERROR;
				CLANG_WARN_DOCUMENTATION_COMMENTS = YES;
				CLANG_WARN_EMPTY_BODY = YES;
				CLANG_WARN_ENUM_CONVERSION = YES;
				CLANG_WARN_INFINITE_RECURSION = YES;
				CLANG_WARN_INT_CONVERSION = YES;
				CLANG_WARN_NON_LITERAL_NULL_CONVERSION = YES;
				CLANG_WARN_OBJC_IMPLICIT_RETAIN_SELF = YES;
				CLANG_WARN_OBJC_LITERAL_CONVERSION = YES;
				CLANG_WARN_OBJC_ROOT_CLASS = YES_ERROR;
				CLANG_WARN_RANGE_LOOP_ANALYSIS = YES;
				CLANG_WARN_STRICT_PROTOTYPES = YES;
				CLANG_WARN_SUSPICIOUS_MOVE = YES;
				CLANG_WARN_UNGUARDED_AVAILABILITY = YES_AGGRESSIVE;
				CLANG_WARN_UNREACHABLE_CODE = YES;
				CLANG_WARN__DUPLICATE_METHOD_MATCH = YES;
				CODE_SIGN_IDENTITY = "iPhone Developer";
				COPY_PHASE_STRIP = NO;
				DEBUG_INFORMATION_FORMAT = dwarf;
				ENABLE_STRICT_OBJC_MSGSEND = YES;
				ENABLE_TESTABILITY = YES;
				GCC_C_LANGUAGE_STANDARD = gnu11;
				GCC_DYNAMIC_NO_PIC = NO;
				GCC_NO_COMMON_BLOCKS = YES;
				GCC_OPTIMIZATION_LEVEL = 0;
				GCC_PREPROCESSOR_DEFINITIONS = (
					"DEBUG=1",
					"$(inherited)",
				);
				GCC_WARN_64_TO_32_BIT_CONVERSION = YES;
				GCC_WARN_ABOUT_RETURN_TYPE = YES_ERROR;
				GCC_WARN_UNDECLARED_SELECTOR = YES;
				GCC_WARN_UNINITIALIZED_AUTOS = YES_AGGRESSIVE;
				GCC_WARN_UNUSED_FUNCTION = YES;
				GCC_WARN_UNUSED_VARIABLE = YES;
				IPHONEOS_DEPLOYMENT_TARGET = 12.4;
				MTL_ENABLE_DEBUG_INFO = INCLUDE_SOURCE;
				MTL_FAST_MATH = YES;
				ONLY_ACTIVE_ARCH = YES;
				SDKROOT = iphoneos;
				SWIFT_ACTIVE_COMPILATION_CONDITIONS = DEBUG;
				SWIFT_OPTIMIZATION_LEVEL = "-Onone";
			};
			name = Debug;
		};
		4130B33B22FE259E00411E42 /* Release */ = {
			isa = XCBuildConfiguration;
			buildSettings = {
				ALWAYS_SEARCH_USER_PATHS = NO;
				CLANG_ANALYZER_NONNULL = YES;
				CLANG_ANALYZER_NUMBER_OBJECT_CONVERSION = YES_AGGRESSIVE;
				CLANG_CXX_LANGUAGE_STANDARD = "gnu++14";
				CLANG_CXX_LIBRARY = "libc++";
				CLANG_ENABLE_MODULES = YES;
				CLANG_ENABLE_OBJC_ARC = YES;
				CLANG_ENABLE_OBJC_WEAK = YES;
				CLANG_WARN_BLOCK_CAPTURE_AUTORELEASING = YES;
				CLANG_WARN_BOOL_CONVERSION = YES;
				CLANG_WARN_COMMA = YES;
				CLANG_WARN_CONSTANT_CONVERSION = YES;
				CLANG_WARN_DEPRECATED_OBJC_IMPLEMENTATIONS = YES;
				CLANG_WARN_DIRECT_OBJC_ISA_USAGE = YES_ERROR;
				CLANG_WARN_DOCUMENTATION_COMMENTS = YES;
				CLANG_WARN_EMPTY_BODY = YES;
				CLANG_WARN_ENUM_CONVERSION = YES;
				CLANG_WARN_INFINITE_RECURSION = YES;
				CLANG_WARN_INT_CONVERSION = YES;
				CLANG_WARN_NON_LITERAL_NULL_CONVERSION = YES;
				CLANG_WARN_OBJC_IMPLICIT_RETAIN_SELF = YES;
				CLANG_WARN_OBJC_LITERAL_CONVERSION = YES;
				CLANG_WARN_OBJC_ROOT_CLASS = YES_ERROR;
				CLANG_WARN_RANGE_LOOP_ANALYSIS = YES;
				CLANG_WARN_STRICT_PROTOTYPES = YES;
				CLANG_WARN_SUSPICIOUS_MOVE = YES;
				CLANG_WARN_UNGUARDED_AVAILABILITY = YES_AGGRESSIVE;
				CLANG_WARN_UNREACHABLE_CODE = YES;
				CLANG_WARN__DUPLICATE_METHOD_MATCH = YES;
				CODE_SIGN_IDENTITY = "iPhone Developer";
				COPY_PHASE_STRIP = NO;
				DEBUG_INFORMATION_FORMAT = "dwarf-with-dsym";
				ENABLE_NS_ASSERTIONS = NO;
				ENABLE_STRICT_OBJC_MSGSEND = YES;
				GCC_C_LANGUAGE_STANDARD = gnu11;
				GCC_NO_COMMON_BLOCKS = YES;
				GCC_WARN_64_TO_32_BIT_CONVERSION = YES;
				GCC_WARN_ABOUT_RETURN_TYPE = YES_ERROR;
				GCC_WARN_UNDECLARED_SELECTOR = YES;
				GCC_WARN_UNINITIALIZED_AUTOS = YES_AGGRESSIVE;
				GCC_WARN_UNUSED_FUNCTION = YES;
				GCC_WARN_UNUSED_VARIABLE = YES;
				IPHONEOS_DEPLOYMENT_TARGET = 12.4;
				MTL_ENABLE_DEBUG_INFO = NO;
				MTL_FAST_MATH = YES;
				SDKROOT = iphoneos;
				SWIFT_COMPILATION_MODE = wholemodule;
				SWIFT_OPTIMIZATION_LEVEL = "-O";
				VALIDATE_PRODUCT = YES;
			};
			name = Release;
		};
		4130B33D22FE259E00411E42 /* Debug */ = {
			isa = XCBuildConfiguration;
			buildSettings = {
				ASSETCATALOG_COMPILER_APPICON_NAME = AppIcon;
				CODE_SIGN_STYLE = Automatic;
				DEVELOPMENT_TEAM = HNA7F7Y7JX;
				INFOPLIST_FILE = "$(SRCROOT)/Tutorial08_Vehicle/Info.plist";
				LD_RUNPATH_SEARCH_PATHS = (
					"$(inherited)",
					"@executable_path/Frameworks",
				);
				PRODUCT_BUNDLE_IDENTIFIER = "Jing-Yang.Tutorial06-FloorIsLava";
				PRODUCT_NAME = "$(TARGET_NAME)";
				SWIFT_VERSION = 5.0;
				TARGETED_DEVICE_FAMILY = "1,2";
			};
			name = Debug;
		};
		4130B33E22FE259E00411E42 /* Release */ = {
			isa = XCBuildConfiguration;
			buildSettings = {
				ASSETCATALOG_COMPILER_APPICON_NAME = AppIcon;
				CODE_SIGN_STYLE = Automatic;
				DEVELOPMENT_TEAM = HNA7F7Y7JX;
				INFOPLIST_FILE = "$(SRCROOT)/Tutorial08_Vehicle/Info.plist";
				LD_RUNPATH_SEARCH_PATHS = (
					"$(inherited)",
					"@executable_path/Frameworks",
				);
				PRODUCT_BUNDLE_IDENTIFIER = "Jing-Yang.Tutorial06-FloorIsLava";
				PRODUCT_NAME = "$(TARGET_NAME)";
				SWIFT_VERSION = 5.0;
				TARGETED_DEVICE_FAMILY = "1,2";
			};
			name = Release;
		};
/* End XCBuildConfiguration section */

/* Begin XCConfigurationList section */
		4130B32522FE259D00411E42 /* Build configuration list for PBXProject "Tutorial08_Vehicle" */ = {
			isa = XCConfigurationList;
			buildConfigurations = (
				4130B33A22FE259E00411E42 /* Debug */,
				4130B33B22FE259E00411E42 /* Release */,
			);
			defaultConfigurationIsVisible = 0;
			defaultConfigurationName = Release;
		};
		4130B33C22FE259E00411E42 /* Build configuration list for PBXNativeTarget "Tutorial08_Vehicle" */ = {
			isa = XCConfigurationList;
			buildConfigurations = (
				4130B33D22FE259E00411E42 /* Debug */,
				4130B33E22FE259E00411E42 /* Release */,
			);
			defaultConfigurationIsVisible = 0;
			defaultConfigurationName = Release;
		};
/* End XCConfigurationList section */
	};
	rootObject = 4130B32222FE259D00411E42 /* Project object */;
}
